// !$*UTF8*$!
{
	archiveVersion = 1;
	classes = {
	};
	objectVersion = 50;
	objects = {

/* Begin PBXBuildFile section */
		1FA5171DF9A37EBFDF250B68 /* Pods_TesteSantander.framework in Frameworks */ = {isa = PBXBuildFile; fileRef = 5CB9EDD7AF954834D2A6D977 /* Pods_TesteSantander.framework */; };
		4B8C397A2296BFB2005AF377 /* TesteSantanderTests.swift in Sources */ = {isa = PBXBuildFile; fileRef = 4B8C39792296BFB2005AF377 /* TesteSantanderTests.swift */; };
		4B8C39922296C188005AF377 /* LoginViewControllerTests.swift in Sources */ = {isa = PBXBuildFile; fileRef = 4B8C398E2296C188005AF377 /* LoginViewControllerTests.swift */; };
		4B8C39932296C188005AF377 /* LoginInteractorTests.swift in Sources */ = {isa = PBXBuildFile; fileRef = 4B8C398F2296C188005AF377 /* LoginInteractorTests.swift */; };
		4B8C39942296C188005AF377 /* LoginWorkerTests.swift in Sources */ = {isa = PBXBuildFile; fileRef = 4B8C39902296C188005AF377 /* LoginWorkerTests.swift */; };
		4B8C39952296C188005AF377 /* LoginPresenterTests.swift in Sources */ = {isa = PBXBuildFile; fileRef = 4B8C39912296C188005AF377 /* LoginPresenterTests.swift */; };
		A5066FEF227C818200EF75F0 /* DetailTableViewCell.swift in Sources */ = {isa = PBXBuildFile; fileRef = A5066FEE227C818200EF75F0 /* DetailTableViewCell.swift */; };
		A5B76C68227B69250082AF49 /* String.swift in Sources */ = {isa = PBXBuildFile; fileRef = A5B76C67227B69250082AF49 /* String.swift */; };
		A5B76C6A227B694E0082AF49 /* Double.swift in Sources */ = {isa = PBXBuildFile; fileRef = A5B76C69227B694E0082AF49 /* Double.swift */; };
		A5B76C6D227B80780082AF49 /* StyledButton.swift in Sources */ = {isa = PBXBuildFile; fileRef = A5B76C6C227B80780082AF49 /* StyledButton.swift */; };
		A5F275CB22778EED00E5D139 /* AppDelegate.swift in Sources */ = {isa = PBXBuildFile; fileRef = A5F275CA22778EED00E5D139 /* AppDelegate.swift */; };
		A5F275D222778EEF00E5D139 /* Assets.xcassets in Resources */ = {isa = PBXBuildFile; fileRef = A5F275D122778EEF00E5D139 /* Assets.xcassets */; };
		A5F275D522778EEF00E5D139 /* LaunchScreen.storyboard in Resources */ = {isa = PBXBuildFile; fileRef = A5F275D322778EEF00E5D139 /* LaunchScreen.storyboard */; };
		A5F275E422778F7A00E5D139 /* LoginPresenter.swift in Sources */ = {isa = PBXBuildFile; fileRef = A5F275DE22778F7A00E5D139 /* LoginPresenter.swift */; };
		A5F275E522778F7A00E5D139 /* LoginWorker.swift in Sources */ = {isa = PBXBuildFile; fileRef = A5F275DF22778F7A00E5D139 /* LoginWorker.swift */; };
		A5F275E622778F7A00E5D139 /* LoginRouter.swift in Sources */ = {isa = PBXBuildFile; fileRef = A5F275E022778F7A00E5D139 /* LoginRouter.swift */; };
		A5F275E722778F7A00E5D139 /* LoginModels.swift in Sources */ = {isa = PBXBuildFile; fileRef = A5F275E122778F7A00E5D139 /* LoginModels.swift */; };
		A5F275E822778F7A00E5D139 /* LoginViewController.swift in Sources */ = {isa = PBXBuildFile; fileRef = A5F275E222778F7A00E5D139 /* LoginViewController.swift */; };
		A5F275E922778F7A00E5D139 /* LoginInteractor.swift in Sources */ = {isa = PBXBuildFile; fileRef = A5F275E322778F7A00E5D139 /* LoginInteractor.swift */; };
		A5F275F022778F9200E5D139 /* DetailPresenter.swift in Sources */ = {isa = PBXBuildFile; fileRef = A5F275EA22778F9200E5D139 /* DetailPresenter.swift */; };
		A5F275F122778F9200E5D139 /* DetailWorker.swift in Sources */ = {isa = PBXBuildFile; fileRef = A5F275EB22778F9200E5D139 /* DetailWorker.swift */; };
		A5F275F222778F9200E5D139 /* DetailRouter.swift in Sources */ = {isa = PBXBuildFile; fileRef = A5F275EC22778F9200E5D139 /* DetailRouter.swift */; };
		A5F275F322778F9200E5D139 /* DetailModels.swift in Sources */ = {isa = PBXBuildFile; fileRef = A5F275ED22778F9200E5D139 /* DetailModels.swift */; };
		A5F275F422778F9200E5D139 /* DetailViewController.swift in Sources */ = {isa = PBXBuildFile; fileRef = A5F275EE22778F9200E5D139 /* DetailViewController.swift */; };
		A5F275F522778F9200E5D139 /* DetailInteractor.swift in Sources */ = {isa = PBXBuildFile; fileRef = A5F275EF22778F9200E5D139 /* DetailInteractor.swift */; };
		A5F275F822778FB500E5D139 /* Main.storyboard in Resources */ = {isa = PBXBuildFile; fileRef = A5F275F722778FB500E5D139 /* Main.storyboard */; };
/* End PBXBuildFile section */

/* Begin PBXContainerItemProxy section */
		4B8C397C2296BFB2005AF377 /* PBXContainerItemProxy */ = {
			isa = PBXContainerItemProxy;
			containerPortal = A5F275BF22778EED00E5D139 /* Project object */;
			proxyType = 1;
			remoteGlobalIDString = A5F275C622778EED00E5D139;
			remoteInfo = TesteSantander;
		};
/* End PBXContainerItemProxy section */

/* Begin PBXFileReference section */
		0C51F7E71C0A78DF5980B1BE /* Pods-TesteSantander.release.xcconfig */ = {isa = PBXFileReference; includeInIndex = 1; lastKnownFileType = text.xcconfig; name = "Pods-TesteSantander.release.xcconfig"; path = "Target Support Files/Pods-TesteSantander/Pods-TesteSantander.release.xcconfig"; sourceTree = "<group>"; };
		4B8C39772296BFB2005AF377 /* TesteSantanderTests.xctest */ = {isa = PBXFileReference; explicitFileType = wrapper.cfbundle; includeInIndex = 0; path = TesteSantanderTests.xctest; sourceTree = BUILT_PRODUCTS_DIR; };
		4B8C39792296BFB2005AF377 /* TesteSantanderTests.swift */ = {isa = PBXFileReference; lastKnownFileType = sourcecode.swift; path = TesteSantanderTests.swift; sourceTree = "<group>"; };
		4B8C397B2296BFB2005AF377 /* Info.plist */ = {isa = PBXFileReference; lastKnownFileType = text.plist.xml; path = Info.plist; sourceTree = "<group>"; };
		4B8C398E2296C188005AF377 /* LoginViewControllerTests.swift */ = {isa = PBXFileReference; lastKnownFileType = sourcecode.swift; path = LoginViewControllerTests.swift; sourceTree = "<group>"; };
		4B8C398F2296C188005AF377 /* LoginInteractorTests.swift */ = {isa = PBXFileReference; lastKnownFileType = sourcecode.swift; path = LoginInteractorTests.swift; sourceTree = "<group>"; };
		4B8C39902296C188005AF377 /* LoginWorkerTests.swift */ = {isa = PBXFileReference; lastKnownFileType = sourcecode.swift; path = LoginWorkerTests.swift; sourceTree = "<group>"; };
		4B8C39912296C188005AF377 /* LoginPresenterTests.swift */ = {isa = PBXFileReference; lastKnownFileType = sourcecode.swift; path = LoginPresenterTests.swift; sourceTree = "<group>"; };
		5CB9EDD7AF954834D2A6D977 /* Pods_TesteSantander.framework */ = {isa = PBXFileReference; explicitFileType = wrapper.framework; includeInIndex = 0; path = Pods_TesteSantander.framework; sourceTree = BUILT_PRODUCTS_DIR; };
		7DC9037EDF1FA5AF71999087 /* Pods-TesteSantander.debug.xcconfig */ = {isa = PBXFileReference; includeInIndex = 1; lastKnownFileType = text.xcconfig; name = "Pods-TesteSantander.debug.xcconfig"; path = "Target Support Files/Pods-TesteSantander/Pods-TesteSantander.debug.xcconfig"; sourceTree = "<group>"; };
		A5066FEE227C818200EF75F0 /* DetailTableViewCell.swift */ = {isa = PBXFileReference; lastKnownFileType = sourcecode.swift; path = DetailTableViewCell.swift; sourceTree = "<group>"; };
		A5B76C67227B69250082AF49 /* String.swift */ = {isa = PBXFileReference; lastKnownFileType = sourcecode.swift; path = String.swift; sourceTree = "<group>"; };
		A5B76C69227B694E0082AF49 /* Double.swift */ = {isa = PBXFileReference; lastKnownFileType = sourcecode.swift; path = Double.swift; sourceTree = "<group>"; };
		A5B76C6C227B80780082AF49 /* StyledButton.swift */ = {isa = PBXFileReference; lastKnownFileType = sourcecode.swift; path = StyledButton.swift; sourceTree = "<group>"; };
		A5F275C722778EED00E5D139 /* TesteSantander.app */ = {isa = PBXFileReference; explicitFileType = wrapper.application; includeInIndex = 0; path = TesteSantander.app; sourceTree = BUILT_PRODUCTS_DIR; };
		A5F275CA22778EED00E5D139 /* AppDelegate.swift */ = {isa = PBXFileReference; lastKnownFileType = sourcecode.swift; path = AppDelegate.swift; sourceTree = "<group>"; };
		A5F275D122778EEF00E5D139 /* Assets.xcassets */ = {isa = PBXFileReference; lastKnownFileType = folder.assetcatalog; path = Assets.xcassets; sourceTree = "<group>"; };
		A5F275D422778EEF00E5D139 /* Base */ = {isa = PBXFileReference; lastKnownFileType = file.storyboard; name = Base; path = Base.lproj/LaunchScreen.storyboard; sourceTree = "<group>"; };
		A5F275D622778EEF00E5D139 /* Info.plist */ = {isa = PBXFileReference; lastKnownFileType = text.plist.xml; path = Info.plist; sourceTree = "<group>"; };
		A5F275DE22778F7A00E5D139 /* LoginPresenter.swift */ = {isa = PBXFileReference; lastKnownFileType = sourcecode.swift; path = LoginPresenter.swift; sourceTree = "<group>"; };
		A5F275DF22778F7A00E5D139 /* LoginWorker.swift */ = {isa = PBXFileReference; lastKnownFileType = sourcecode.swift; path = LoginWorker.swift; sourceTree = "<group>"; };
		A5F275E022778F7A00E5D139 /* LoginRouter.swift */ = {isa = PBXFileReference; lastKnownFileType = sourcecode.swift; path = LoginRouter.swift; sourceTree = "<group>"; };
		A5F275E122778F7A00E5D139 /* LoginModels.swift */ = {isa = PBXFileReference; lastKnownFileType = sourcecode.swift; path = LoginModels.swift; sourceTree = "<group>"; };
		A5F275E222778F7A00E5D139 /* LoginViewController.swift */ = {isa = PBXFileReference; lastKnownFileType = sourcecode.swift; path = LoginViewController.swift; sourceTree = "<group>"; };
		A5F275E322778F7A00E5D139 /* LoginInteractor.swift */ = {isa = PBXFileReference; lastKnownFileType = sourcecode.swift; path = LoginInteractor.swift; sourceTree = "<group>"; };
		A5F275EA22778F9200E5D139 /* DetailPresenter.swift */ = {isa = PBXFileReference; lastKnownFileType = sourcecode.swift; path = DetailPresenter.swift; sourceTree = "<group>"; };
		A5F275EB22778F9200E5D139 /* DetailWorker.swift */ = {isa = PBXFileReference; lastKnownFileType = sourcecode.swift; path = DetailWorker.swift; sourceTree = "<group>"; };
		A5F275EC22778F9200E5D139 /* DetailRouter.swift */ = {isa = PBXFileReference; lastKnownFileType = sourcecode.swift; path = DetailRouter.swift; sourceTree = "<group>"; };
		A5F275ED22778F9200E5D139 /* DetailModels.swift */ = {isa = PBXFileReference; lastKnownFileType = sourcecode.swift; path = DetailModels.swift; sourceTree = "<group>"; };
		A5F275EE22778F9200E5D139 /* DetailViewController.swift */ = {isa = PBXFileReference; lastKnownFileType = sourcecode.swift; path = DetailViewController.swift; sourceTree = "<group>"; };
		A5F275EF22778F9200E5D139 /* DetailInteractor.swift */ = {isa = PBXFileReference; lastKnownFileType = sourcecode.swift; path = DetailInteractor.swift; sourceTree = "<group>"; };
		A5F275F722778FB500E5D139 /* Main.storyboard */ = {isa = PBXFileReference; lastKnownFileType = file.storyboard; path = Main.storyboard; sourceTree = "<group>"; };
/* End PBXFileReference section */

/* Begin PBXFrameworksBuildPhase section */
		4B8C39742296BFB2005AF377 /* Frameworks */ = {
			isa = PBXFrameworksBuildPhase;
			buildActionMask = 2147483647;
			files = (
			);
			runOnlyForDeploymentPostprocessing = 0;
		};
		A5F275C422778EED00E5D139 /* Frameworks */ = {
			isa = PBXFrameworksBuildPhase;
			buildActionMask = 2147483647;
			files = (
				1FA5171DF9A37EBFDF250B68 /* Pods_TesteSantander.framework in Frameworks */,
			);
			runOnlyForDeploymentPostprocessing = 0;
		};
/* End PBXFrameworksBuildPhase section */

/* Begin PBXGroup section */
		054B1E0DB29FFE20C106F002 /* Pods */ = {
			isa = PBXGroup;
			children = (
				7DC9037EDF1FA5AF71999087 /* Pods-TesteSantander.debug.xcconfig */,
				0C51F7E71C0A78DF5980B1BE /* Pods-TesteSantander.release.xcconfig */,
			);
			path = Pods;
			sourceTree = "<group>";
		};
		4B8C39782296BFB2005AF377 /* TesteSantanderTests */ = {
			isa = PBXGroup;
			children = (
				4B8C398D2296C17B005AF377 /* Login */,
				4B8C39792296BFB2005AF377 /* TesteSantanderTests.swift */,
				4B8C397B2296BFB2005AF377 /* Info.plist */,
			);
			path = TesteSantanderTests;
			sourceTree = "<group>";
		};
		4B8C398D2296C17B005AF377 /* Login */ = {
			isa = PBXGroup;
			children = (
				4B8C398E2296C188005AF377 /* LoginViewControllerTests.swift */,
				4B8C398F2296C188005AF377 /* LoginInteractorTests.swift */,
				4B8C39902296C188005AF377 /* LoginWorkerTests.swift */,
				4B8C39912296C188005AF377 /* LoginPresenterTests.swift */,
			);
			path = Login;
			sourceTree = "<group>";
		};
		9B1E9D8DB3E543C93268F38B /* Frameworks */ = {
			isa = PBXGroup;
			children = (
				5CB9EDD7AF954834D2A6D977 /* Pods_TesteSantander.framework */,
			);
			name = Frameworks;
			sourceTree = "<group>";
		};
		A5066FED227C816100EF75F0 /* ViewCell */ = {
			isa = PBXGroup;
			children = (
				A5066FEE227C818200EF75F0 /* DetailTableViewCell.swift */,
			);
			path = ViewCell;
			sourceTree = "<group>";
		};
		A5B76C66227B690D0082AF49 /* Extensions */ = {
			isa = PBXGroup;
			children = (
				A5B76C67227B69250082AF49 /* String.swift */,
				A5B76C69227B694E0082AF49 /* Double.swift */,
			);
			path = Extensions;
			sourceTree = "<group>";
		};
		A5B76C6B227B80620082AF49 /* Components */ = {
			isa = PBXGroup;
			children = (
				A5B76C6C227B80780082AF49 /* StyledButton.swift */,
			);
			path = Components;
			sourceTree = "<group>";
		};
		A5F275BE22778EED00E5D139 = {
			isa = PBXGroup;
			children = (
				A5F275C922778EED00E5D139 /* TesteSantander */,
				4B8C39782296BFB2005AF377 /* TesteSantanderTests */,
				A5F275C822778EED00E5D139 /* Products */,
				054B1E0DB29FFE20C106F002 /* Pods */,
				9B1E9D8DB3E543C93268F38B /* Frameworks */,
			);
			sourceTree = "<group>";
		};
		A5F275C822778EED00E5D139 /* Products */ = {
			isa = PBXGroup;
			children = (
				A5F275C722778EED00E5D139 /* TesteSantander.app */,
				4B8C39772296BFB2005AF377 /* TesteSantanderTests.xctest */,
			);
			name = Products;
			sourceTree = "<group>";
		};
		A5F275C922778EED00E5D139 /* TesteSantander */ = {
			isa = PBXGroup;
			children = (
				A5B76C6B227B80620082AF49 /* Components */,
				A5B76C66227B690D0082AF49 /* Extensions */,
				A5F275DD22778F4C00E5D139 /* Detail */,
				A5F275DC22778F4300E5D139 /* Login */,
				A5F275F622778FA100E5D139 /* View */,
				A5F275CA22778EED00E5D139 /* AppDelegate.swift */,
				A5F275D122778EEF00E5D139 /* Assets.xcassets */,
				A5F275D322778EEF00E5D139 /* LaunchScreen.storyboard */,
				A5F275D622778EEF00E5D139 /* Info.plist */,
			);
			path = TesteSantander;
			sourceTree = "<group>";
		};
		A5F275DC22778F4300E5D139 /* Login */ = {
			isa = PBXGroup;
			children = (
				A5F275DE22778F7A00E5D139 /* LoginPresenter.swift */,
				A5F275DF22778F7A00E5D139 /* LoginWorker.swift */,
				A5F275E022778F7A00E5D139 /* LoginRouter.swift */,
				A5F275E122778F7A00E5D139 /* LoginModels.swift */,
				A5F275E222778F7A00E5D139 /* LoginViewController.swift */,
				A5F275E322778F7A00E5D139 /* LoginInteractor.swift */,
			);
			path = Login;
			sourceTree = "<group>";
		};
		A5F275DD22778F4C00E5D139 /* Detail */ = {
			isa = PBXGroup;
			children = (
				A5066FED227C816100EF75F0 /* ViewCell */,
				A5F275EA22778F9200E5D139 /* DetailPresenter.swift */,
				A5F275EB22778F9200E5D139 /* DetailWorker.swift */,
				A5F275EC22778F9200E5D139 /* DetailRouter.swift */,
				A5F275ED22778F9200E5D139 /* DetailModels.swift */,
				A5F275EE22778F9200E5D139 /* DetailViewController.swift */,
				A5F275EF22778F9200E5D139 /* DetailInteractor.swift */,
			);
			path = Detail;
			sourceTree = "<group>";
		};
		A5F275F622778FA100E5D139 /* View */ = {
			isa = PBXGroup;
			children = (
				A5F275F722778FB500E5D139 /* Main.storyboard */,
			);
			path = View;
			sourceTree = "<group>";
		};
/* End PBXGroup section */

/* Begin PBXNativeTarget section */
		4B8C39762296BFB2005AF377 /* TesteSantanderTests */ = {
			isa = PBXNativeTarget;
			buildConfigurationList = 4B8C39802296BFB2005AF377 /* Build configuration list for PBXNativeTarget "TesteSantanderTests" */;
			buildPhases = (
				4B8C39732296BFB2005AF377 /* Sources */,
				4B8C39742296BFB2005AF377 /* Frameworks */,
				4B8C39752296BFB2005AF377 /* Resources */,
			);
			buildRules = (
			);
			dependencies = (
				4B8C397D2296BFB2005AF377 /* PBXTargetDependency */,
			);
			name = TesteSantanderTests;
			productName = TesteSantanderTests;
			productReference = 4B8C39772296BFB2005AF377 /* TesteSantanderTests.xctest */;
			productType = "com.apple.product-type.bundle.unit-test";
		};
		A5F275C622778EED00E5D139 /* TesteSantander */ = {
			isa = PBXNativeTarget;
			buildConfigurationList = A5F275D922778EEF00E5D139 /* Build configuration list for PBXNativeTarget "TesteSantander" */;
			buildPhases = (
				45F293D574704CF12E467A1D /* [CP] Check Pods Manifest.lock */,
				A5F275C322778EED00E5D139 /* Sources */,
				A5F275C422778EED00E5D139 /* Frameworks */,
				A5F275C522778EED00E5D139 /* Resources */,
				E8A69FF4ACF534E97D05718A /* [CP] Embed Pods Frameworks */,
			);
			buildRules = (
			);
			dependencies = (
			);
			name = TesteSantander;
			productName = TesteSantander;
			productReference = A5F275C722778EED00E5D139 /* TesteSantander.app */;
			productType = "com.apple.product-type.application";
		};
/* End PBXNativeTarget section */

/* Begin PBXProject section */
		A5F275BF22778EED00E5D139 /* Project object */ = {
			isa = PBXProject;
			attributes = {
				LastSwiftUpdateCheck = 0940;
				LastUpgradeCheck = 1020;
				ORGANIZATIONNAME = "Rodrigo Martins";
				TargetAttributes = {
					4B8C39762296BFB2005AF377 = {
						CreatedOnToolsVersion = 9.4.1;
						TestTargetID = A5F275C622778EED00E5D139;
					};
					A5F275C622778EED00E5D139 = {
						CreatedOnToolsVersion = 10.2.1;
					};
				};
			};
			buildConfigurationList = A5F275C222778EED00E5D139 /* Build configuration list for PBXProject "TesteSantander" */;
			compatibilityVersion = "Xcode 9.3";
			developmentRegion = en;
			hasScannedForEncodings = 0;
			knownRegions = (
				en,
				Base,
			);
			mainGroup = A5F275BE22778EED00E5D139;
			productRefGroup = A5F275C822778EED00E5D139 /* Products */;
			projectDirPath = "";
			projectRoot = "";
			targets = (
				A5F275C622778EED00E5D139 /* TesteSantander */,
				4B8C39762296BFB2005AF377 /* TesteSantanderTests */,
			);
		};
/* End PBXProject section */

/* Begin PBXResourcesBuildPhase section */
		4B8C39752296BFB2005AF377 /* Resources */ = {
			isa = PBXResourcesBuildPhase;
			buildActionMask = 2147483647;
			files = (
			);
			runOnlyForDeploymentPostprocessing = 0;
		};
		A5F275C522778EED00E5D139 /* Resources */ = {
			isa = PBXResourcesBuildPhase;
			buildActionMask = 2147483647;
			files = (
				A5F275F822778FB500E5D139 /* Main.storyboard in Resources */,
				A5F275D522778EEF00E5D139 /* LaunchScreen.storyboard in Resources */,
				A5F275D222778EEF00E5D139 /* Assets.xcassets in Resources */,
			);
			runOnlyForDeploymentPostprocessing = 0;
		};
/* End PBXResourcesBuildPhase section */

/* Begin PBXShellScriptBuildPhase section */
		45F293D574704CF12E467A1D /* [CP] Check Pods Manifest.lock */ = {
			isa = PBXShellScriptBuildPhase;
			buildActionMask = 2147483647;
			files = (
			);
			inputPaths = (
				"${PODS_PODFILE_DIR_PATH}/Podfile.lock",
				"${PODS_ROOT}/Manifest.lock",
			);
			name = "[CP] Check Pods Manifest.lock";
			outputPaths = (
				"$(DERIVED_FILE_DIR)/Pods-TesteSantander-checkManifestLockResult.txt",
			);
			runOnlyForDeploymentPostprocessing = 0;
			shellPath = /bin/sh;
			shellScript = "diff \"${PODS_PODFILE_DIR_PATH}/Podfile.lock\" \"${PODS_ROOT}/Manifest.lock\" > /dev/null\nif [ $? != 0 ] ; then\n    # print error to STDERR\n    echo \"error: The sandbox is not in sync with the Podfile.lock. Run 'pod install' or update your CocoaPods installation.\" >&2\n    exit 1\nfi\n# This output is used by Xcode 'outputs' to avoid re-running this script phase.\necho \"SUCCESS\" > \"${SCRIPT_OUTPUT_FILE_0}\"\n";
			showEnvVarsInLog = 0;
		};
		E8A69FF4ACF534E97D05718A /* [CP] Embed Pods Frameworks */ = {
			isa = PBXShellScriptBuildPhase;
			buildActionMask = 2147483647;
			files = (
			);
			inputPaths = (
				"${PODS_ROOT}/Target Support Files/Pods-TesteSantander/Pods-TesteSantander-frameworks.sh",
				"${BUILT_PRODUCTS_DIR}/Alamofire/Alamofire.framework",
			);
			name = "[CP] Embed Pods Frameworks";
			outputPaths = (
				"${TARGET_BUILD_DIR}/${FRAMEWORKS_FOLDER_PATH}/Alamofire.framework",
			);
			runOnlyForDeploymentPostprocessing = 0;
			shellPath = /bin/sh;
			shellScript = "\"${PODS_ROOT}/Target Support Files/Pods-TesteSantander/Pods-TesteSantander-frameworks.sh\"\n";
			showEnvVarsInLog = 0;
		};
/* End PBXShellScriptBuildPhase section */

/* Begin PBXSourcesBuildPhase section */
		4B8C39732296BFB2005AF377 /* Sources */ = {
			isa = PBXSourcesBuildPhase;
			buildActionMask = 2147483647;
			files = (
				4B8C39922296C188005AF377 /* LoginViewControllerTests.swift in Sources */,
				4B8C39932296C188005AF377 /* LoginInteractorTests.swift in Sources */,
				4B8C397A2296BFB2005AF377 /* TesteSantanderTests.swift in Sources */,
				4B8C39942296C188005AF377 /* LoginWorkerTests.swift in Sources */,
				4B8C39952296C188005AF377 /* LoginPresenterTests.swift in Sources */,
			);
			runOnlyForDeploymentPostprocessing = 0;
		};
		A5F275C322778EED00E5D139 /* Sources */ = {
			isa = PBXSourcesBuildPhase;
			buildActionMask = 2147483647;
			files = (
				A5F275E822778F7A00E5D139 /* LoginViewController.swift in Sources */,
				A5066FEF227C818200EF75F0 /* DetailTableViewCell.swift in Sources */,
				A5F275F122778F9200E5D139 /* DetailWorker.swift in Sources */,
				A5F275E422778F7A00E5D139 /* LoginPresenter.swift in Sources */,
				A5F275F422778F9200E5D139 /* DetailViewController.swift in Sources */,
				A5B76C68227B69250082AF49 /* String.swift in Sources */,
				A5F275E922778F7A00E5D139 /* LoginInteractor.swift in Sources */,
				A5F275F022778F9200E5D139 /* DetailPresenter.swift in Sources */,
				A5F275F222778F9200E5D139 /* DetailRouter.swift in Sources */,
				A5F275F322778F9200E5D139 /* DetailModels.swift in Sources */,
				A5F275F522778F9200E5D139 /* DetailInteractor.swift in Sources */,
				A5F275E722778F7A00E5D139 /* LoginModels.swift in Sources */,
				A5B76C6D227B80780082AF49 /* StyledButton.swift in Sources */,
				A5F275CB22778EED00E5D139 /* AppDelegate.swift in Sources */,
				A5F275E622778F7A00E5D139 /* LoginRouter.swift in Sources */,
				A5B76C6A227B694E0082AF49 /* Double.swift in Sources */,
				A5F275E522778F7A00E5D139 /* LoginWorker.swift in Sources */,
			);
			runOnlyForDeploymentPostprocessing = 0;
		};
/* End PBXSourcesBuildPhase section */

/* Begin PBXTargetDependency section */
		4B8C397D2296BFB2005AF377 /* PBXTargetDependency */ = {
			isa = PBXTargetDependency;
			target = A5F275C622778EED00E5D139 /* TesteSantander */;
			targetProxy = 4B8C397C2296BFB2005AF377 /* PBXContainerItemProxy */;
		};
/* End PBXTargetDependency section */

/* Begin PBXVariantGroup section */
		A5F275D322778EEF00E5D139 /* LaunchScreen.storyboard */ = {
			isa = PBXVariantGroup;
			children = (
				A5F275D422778EEF00E5D139 /* Base */,
			);
			name = LaunchScreen.storyboard;
			sourceTree = "<group>";
		};
/* End PBXVariantGroup section */

/* Begin XCBuildConfiguration section */
		4B8C397E2296BFB2005AF377 /* Debug */ = {
			isa = XCBuildConfiguration;
			buildSettings = {
				BUNDLE_LOADER = "$(TEST_HOST)";
				CODE_SIGN_STYLE = Automatic;
				INFOPLIST_FILE = TesteSantanderTests/Info.plist;
				IPHONEOS_DEPLOYMENT_TARGET = 11.4;
				LD_RUNPATH_SEARCH_PATHS = (
					"$(inherited)",
					"@executable_path/Frameworks",
					"@loader_path/Frameworks",
				);
				MTL_ENABLE_DEBUG_INFO = YES;
				PRODUCT_BUNDLE_IDENTIFIER = com.TesteSantanderTests.TesteSantanderTests;
				PRODUCT_NAME = "$(TARGET_NAME)";
				SWIFT_VERSION = 4.0;
				TARGETED_DEVICE_FAMILY = "1,2";
				TEST_HOST = "$(BUILT_PRODUCTS_DIR)/TesteSantander.app/TesteSantander";
			};
			name = Debug;
		};
		4B8C397F2296BFB2005AF377 /* Release */ = {
			isa = XCBuildConfiguration;
			buildSettings = {
				BUNDLE_LOADER = "$(TEST_HOST)";
				CODE_SIGN_STYLE = Automatic;
				INFOPLIST_FILE = TesteSantanderTests/Info.plist;
				IPHONEOS_DEPLOYMENT_TARGET = 11.4;
				LD_RUNPATH_SEARCH_PATHS = (
					"$(inherited)",
					"@executable_path/Frameworks",
					"@loader_path/Frameworks",
				);
				PRODUCT_BUNDLE_IDENTIFIER = com.TesteSantanderTests.TesteSantanderTests;
				PRODUCT_NAME = "$(TARGET_NAME)";
				SWIFT_VERSION = 4.0;
				TARGETED_DEVICE_FAMILY = "1,2";
				TEST_HOST = "$(BUILT_PRODUCTS_DIR)/TesteSantander.app/TesteSantander";
			};
			name = Release;
		};
		A5F275D722778EEF00E5D139 /* Debug */ = {
			isa = XCBuildConfiguration;
			buildSettings = {
				ALWAYS_SEARCH_USER_PATHS = NO;
				CLANG_ANALYZER_NONNULL = YES;
				CLANG_ANALYZER_NUMBER_OBJECT_CONVERSION = YES_AGGRESSIVE;
				CLANG_CXX_LANGUAGE_STANDARD = "gnu++14";
				CLANG_CXX_LIBRARY = "libc++";
				CLANG_ENABLE_MODULES = YES;
				CLANG_ENABLE_OBJC_ARC = YES;
				CLANG_ENABLE_OBJC_WEAK = YES;
				CLANG_WARN_BLOCK_CAPTURE_AUTORELEASING = YES;
				CLANG_WARN_BOOL_CONVERSION = YES;
				CLANG_WARN_COMMA = YES;
				CLANG_WARN_CONSTANT_CONVERSION = YES;
				CLANG_WARN_DEPRECATED_OBJC_IMPLEMENTATIONS = YES;
				CLANG_WARN_DIRECT_OBJC_ISA_USAGE = YES_ERROR;
				CLANG_WARN_DOCUMENTATION_COMMENTS = YES;
				CLANG_WARN_EMPTY_BODY = YES;
				CLANG_WARN_ENUM_CONVERSION = YES;
				CLANG_WARN_INFINITE_RECURSION = YES;
				CLANG_WARN_INT_CONVERSION = YES;
				CLANG_WARN_NON_LITERAL_NULL_CONVERSION = YES;
				CLANG_WARN_OBJC_IMPLICIT_RETAIN_SELF = YES;
				CLANG_WARN_OBJC_LITERAL_CONVERSION = YES;
				CLANG_WARN_OBJC_ROOT_CLASS = YES_ERROR;
				CLANG_WARN_RANGE_LOOP_ANALYSIS = YES;
				CLANG_WARN_STRICT_PROTOTYPES = YES;
				CLANG_WARN_SUSPICIOUS_MOVE = YES;
				CLANG_WARN_UNGUARDED_AVAILABILITY = YES_AGGRESSIVE;
				CLANG_WARN_UNREACHABLE_CODE = YES;
				CLANG_WARN__DUPLICATE_METHOD_MATCH = YES;
				CODE_SIGN_IDENTITY = "iPhone Developer";
				COPY_PHASE_STRIP = NO;
				DEBUG_INFORMATION_FORMAT = dwarf;
				ENABLE_STRICT_OBJC_MSGSEND = YES;
				ENABLE_TESTABILITY = YES;
				GCC_C_LANGUAGE_STANDARD = gnu11;
				GCC_DYNAMIC_NO_PIC = NO;
				GCC_NO_COMMON_BLOCKS = YES;
				GCC_OPTIMIZATION_LEVEL = 0;
				GCC_PREPROCESSOR_DEFINITIONS = (
					"DEBUG=1",
					"$(inherited)",
				);
				GCC_WARN_64_TO_32_BIT_CONVERSION = YES;
				GCC_WARN_ABOUT_RETURN_TYPE = YES_ERROR;
				GCC_WARN_UNDECLARED_SELECTOR = YES;
				GCC_WARN_UNINITIALIZED_AUTOS = YES_AGGRESSIVE;
				GCC_WARN_UNUSED_FUNCTION = YES;
				GCC_WARN_UNUSED_VARIABLE = YES;
				IPHONEOS_DEPLOYMENT_TARGET = 12.2;
				MTL_ENABLE_DEBUG_INFO = INCLUDE_SOURCE;
				MTL_FAST_MATH = YES;
				ONLY_ACTIVE_ARCH = YES;
				SDKROOT = iphoneos;
				SWIFT_ACTIVE_COMPILATION_CONDITIONS = DEBUG;
				SWIFT_OPTIMIZATION_LEVEL = "-Onone";
			};
			name = Debug;
		};
		A5F275D822778EEF00E5D139 /* Release */ = {
			isa = XCBuildConfiguration;
			buildSettings = {
				ALWAYS_SEARCH_USER_PATHS = NO;
				CLANG_ANALYZER_NONNULL = YES;
				CLANG_ANALYZER_NUMBER_OBJECT_CONVERSION = YES_AGGRESSIVE;
				CLANG_CXX_LANGUAGE_STANDARD = "gnu++14";
				CLANG_CXX_LIBRARY = "libc++";
				CLANG_ENABLE_MODULES = YES;
				CLANG_ENABLE_OBJC_ARC = YES;
				CLANG_ENABLE_OBJC_WEAK = YES;
				CLANG_WARN_BLOCK_CAPTURE_AUTORELEASING = YES;
				CLANG_WARN_BOOL_CONVERSION = YES;
				CLANG_WARN_COMMA = YES;
				CLANG_WARN_CONSTANT_CONVERSION = YES;
				CLANG_WARN_DEPRECATED_OBJC_IMPLEMENTATIONS = YES;
				CLANG_WARN_DIRECT_OBJC_ISA_USAGE = YES_ERROR;
				CLANG_WARN_DOCUMENTATION_COMMENTS = YES;
				CLANG_WARN_EMPTY_BODY = YES;
				CLANG_WARN_ENUM_CONVERSION = YES;
				CLANG_WARN_INFINITE_RECURSION = YES;
				CLANG_WARN_INT_CONVERSION = YES;
				CLANG_WARN_NON_LITERAL_NULL_CONVERSION = YES;
				CLANG_WARN_OBJC_IMPLICIT_RETAIN_SELF = YES;
				CLANG_WARN_OBJC_LITERAL_CONVERSION = YES;
				CLANG_WARN_OBJC_ROOT_CLASS = YES_ERROR;
				CLANG_WARN_RANGE_LOOP_ANALYSIS = YES;
				CLANG_WARN_STRICT_PROTOTYPES = YES;
				CLANG_WARN_SUSPICIOUS_MOVE = YES;
				CLANG_WARN_UNGUARDED_AVAILABILITY = YES_AGGRESSIVE;
				CLANG_WARN_UNREACHABLE_CODE = YES;
				CLANG_WARN__DUPLICATE_METHOD_MATCH = YES;
				CODE_SIGN_IDENTITY = "iPhone Developer";
				COPY_PHASE_STRIP = NO;
				DEBUG_INFORMATION_FORMAT = "dwarf-with-dsym";
				ENABLE_NS_ASSERTIONS = NO;
				ENABLE_STRICT_OBJC_MSGSEND = YES;
				GCC_C_LANGUAGE_STANDARD = gnu11;
				GCC_NO_COMMON_BLOCKS = YES;
				GCC_WARN_64_TO_32_BIT_CONVERSION = YES;
				GCC_WARN_ABOUT_RETURN_TYPE = YES_ERROR;
				GCC_WARN_UNDECLARED_SELECTOR = YES;
				GCC_WARN_UNINITIALIZED_AUTOS = YES_AGGRESSIVE;
				GCC_WARN_UNUSED_FUNCTION = YES;
				GCC_WARN_UNUSED_VARIABLE = YES;
				IPHONEOS_DEPLOYMENT_TARGET = 12.2;
				MTL_ENABLE_DEBUG_INFO = NO;
				MTL_FAST_MATH = YES;
				SDKROOT = iphoneos;
				SWIFT_COMPILATION_MODE = wholemodule;
				SWIFT_OPTIMIZATION_LEVEL = "-O";
				VALIDATE_PRODUCT = YES;
			};
			name = Release;
		};
		A5F275DA22778EEF00E5D139 /* Debug */ = {
			isa = XCBuildConfiguration;
			baseConfigurationReference = 7DC9037EDF1FA5AF71999087 /* Pods-TesteSantander.debug.xcconfig */;
			buildSettings = {
				ASSETCATALOG_COMPILER_APPICON_NAME = AppIcon;
				CODE_SIGN_STYLE = Automatic;
				DEVELOPMENT_TEAM = 7Q63F4FXNX;
				INFOPLIST_FILE = TesteSantander/Info.plist;
				IPHONEOS_DEPLOYMENT_TARGET = 9.0;
				LD_RUNPATH_SEARCH_PATHS = (
					"$(inherited)",
					"@executable_path/Frameworks",
				);
				PRODUCT_BUNDLE_IDENTIFIER = everis.TesteSantander;
				PRODUCT_NAME = "$(TARGET_NAME)";
				SWIFT_VERSION = 5.0;
				TARGETED_DEVICE_FAMILY = "1,2";
			};
			name = Debug;
		};
		A5F275DB22778EEF00E5D139 /* Release */ = {
			isa = XCBuildConfiguration;
			baseConfigurationReference = 0C51F7E71C0A78DF5980B1BE /* Pods-TesteSantander.release.xcconfig */;
			buildSettings = {
				ASSETCATALOG_COMPILER_APPICON_NAME = AppIcon;
				CODE_SIGN_STYLE = Automatic;
				DEVELOPMENT_TEAM = 7Q63F4FXNX;
				INFOPLIST_FILE = TesteSantander/Info.plist;
				IPHONEOS_DEPLOYMENT_TARGET = 9.0;
				LD_RUNPATH_SEARCH_PATHS = (
					"$(inherited)",
					"@executable_path/Frameworks",
				);
				PRODUCT_BUNDLE_IDENTIFIER = everis.TesteSantander;
				PRODUCT_NAME = "$(TARGET_NAME)";
				SWIFT_VERSION = 5.0;
				TARGETED_DEVICE_FAMILY = "1,2";
			};
			name = Release;
		};
/* End XCBuildConfiguration section */

/* Begin XCConfigurationList section */
		4B8C39802296BFB2005AF377 /* Build configuration list for PBXNativeTarget "TesteSantanderTests" */ = {
			isa = XCConfigurationList;
			buildConfigurations = (
				4B8C397E2296BFB2005AF377 /* Debug */,
				4B8C397F2296BFB2005AF377 /* Release */,
			);
			defaultConfigurationIsVisible = 0;
			defaultConfigurationName = Release;
		};
		A5F275C222778EED00E5D139 /* Build configuration list for PBXProject "TesteSantander" */ = {
			isa = XCConfigurationList;
			buildConfigurations = (
				A5F275D722778EEF00E5D139 /* Debug */,
				A5F275D822778EEF00E5D139 /* Release */,
			);
			defaultConfigurationIsVisible = 0;
			defaultConfigurationName = Release;
		};
		A5F275D922778EEF00E5D139 /* Build configuration list for PBXNativeTarget "TesteSantander" */ = {
			isa = XCConfigurationList;
			buildConfigurations = (
				A5F275DA22778EEF00E5D139 /* Debug */,
				A5F275DB22778EEF00E5D139 /* Release */,
			);
			defaultConfigurationIsVisible = 0;
			defaultConfigurationName = Release;
		};
/* End XCConfigurationList section */
	};
	rootObject = A5F275BF22778EED00E5D139 /* Project object */;
}
